schema: '2.0'
stages:
  download_data:
    cmd: python download_data.py
    deps:
    - path: download_data.py
      hash: md5
      md5: 1fe6119667a39d00502816cd76cdcb75
      size: 1453
    - path: params.yaml
      hash: md5
      md5: 0afa275aa95954efaffaf1bbf931754e
      size: 114
    outs:
    - path: data/batches
      hash: md5
      md5: 40ab31bd3c90a187c9015a43469c59aa.dir
      size: 114087200
      nfiles: 50005
  train:
    cmd: python train.py
    deps:
    - path: config.py
      hash: md5
      md5: e2d000059e2d45be83d125091670f177
      size: 470
    - path: data.py
      hash: md5
      md5: 6a38cf37443252348b1d4cb4014466d6
      size: 3843
    - path: model.py
      hash: md5
      md5: a48a2a32df60fc9b279f0b210442a3ee
      size: 601
    - path: params.yaml
      hash: md5
      md5: 0afa275aa95954efaffaf1bbf931754e
      size: 114
    - path: train.py
      hash: md5
      md5: 45a69bb51c325a389c63417e5e579a6d
      size: 934
    outs:
    - path: trained_model.pth
      hash: md5
      md5: 250e315167b22890782064984cbb8cae
      size: 94436426
